
Microsoft Visual Studio Solution File, Format Version 12.00
# Visual Studio 15
Project("{FAE04EC0-301F-11D3-BF4B-00C04F79EFBC}") = "Assembly-CSharp", "Assembly-CSharp.csproj", "{28B5CDB1-8A44-27B1-0D42-0B30B550A155}"
EndProject
Project("{FAE04EC0-301F-11D3-BF4B-00C04F79EFBC}") = "Assembly-CSharp-Editor", "Assembly-CSharp-Editor.csproj", "{B39970C5-1D66-51FA-9F44-188B6BB05876}"
EndProject
Global
	GlobalSection(SolutionConfigurationPlatforms) = preSolution
		Debug|Any CPU = Debug|Any CPU
		Release|Any CPU = Release|Any CPU
	EndGlobalSection
	GlobalSection(ProjectConfigurationPlatforms) = postSolution
		{28B5CDB1-8A44-27B1-0D42-0B30B550A155}.Debug|Any CPU.ActiveCfg = Debug|Any CPU
		{28B5CDB1-8A44-27B1-0D42-0B30B550A155}.Debug|Any CPU.Build.0 = Debug|Any CPU
		{28B5CDB1-8A44-27B1-0D42-0B30B550A155}.Release|Any CPU.ActiveCfg = Release|Any CPU
		{28B5CDB1-8A44-27B1-0D42-0B30B550A155}.Release|Any CPU.Build.0 = Release|Any CPU
		{B39970C5-1D66-51FA-9F44-188B6BB05876}.Debug|Any CPU.ActiveCfg = Debug|Any CPU
		{B39970C5-1D66-51FA-9F44-188B6BB05876}.Debug|Any CPU.Build.0 = Debug|Any CPU
		{B39970C5-1D66-51FA-9F44-188B6BB05876}.Release|Any CPU.ActiveCfg = Release|Any CPU
		{B39970C5-1D66-51FA-9F44-188B6BB05876}.Release|Any CPU.Build.0 = Release|Any CPU
	EndGlobalSection
	GlobalSection(SolutionProperties) = preSolution
		HideSolutionNode = FALSE
	EndGlobalSection
EndGlobal
